
Microsoft Visual Studio Solution File, Format Version 12.00
# Visual Studio Version 17
VisualStudioVersion = 17.1.32210.238
MinimumVisualStudioVersion = 10.0.40219.1
Project("{FAE04EC0-301F-11D3-BF4B-00C04F79EFBC}") = "Ex01_Delegate_Thread", "Ex01_Delegate_Thread\Ex01_Delegate_Thread.csproj", "{2BB01EF2-197A-42EB-8EDA-DD025D48821A}"
EndProject
Project("{FAE04EC0-301F-11D3-BF4B-00C04F79EFBC}") = "Ex02_Multi_Delegate", "Ex02_Multi_Delegate\Ex02_Multi_Delegate.csproj", "{EBFDA70D-9351-49CE-B40E-1FF70BD91620}"
EndProject
Project("{FAE04EC0-301F-11D3-BF4B-00C04F79EFBC}") = "Ex03_Event_Delegate", "Ex03_Event_Delegate\Ex03_Event_Delegate.csproj", "{8C727177-5E5B-4CAB-90D1-FF96B6E2EA88}"
EndProject
Project("{FAE04EC0-301F-11D3-BF4B-00C04F79EFBC}") = "Ex04_Thread", "Ex04_Thread\Ex04_Thread.csproj", "{25B4ED1F-8638-485B-8AEA-767304085639}"
EndProject
Global
	GlobalSection(SolutionConfigurationPlatforms) = preSolution
		Debug|Any CPU = Debug|Any CPU
		Release|Any CPU = Release|Any CPU
	EndGlobalSection
	GlobalSection(ProjectConfigurationPlatforms) = postSolution
		{2BB01EF2-197A-42EB-8EDA-DD025D48821A}.Debug|Any CPU.ActiveCfg = Debug|Any CPU
		{2BB01EF2-197A-42EB-8EDA-DD025D48821A}.Debug|Any CPU.Build.0 = Debug|Any CPU
		{2BB01EF2-197A-42EB-8EDA-DD025D48821A}.Release|Any CPU.ActiveCfg = Release|Any CPU
		{2BB01EF2-197A-42EB-8EDA-DD025D48821A}.Release|Any CPU.Build.0 = Release|Any CPU
		{EBFDA70D-9351-49CE-B40E-1FF70BD91620}.Debug|Any CPU.ActiveCfg = Debug|Any CPU
		{EBFDA70D-9351-49CE-B40E-1FF70BD91620}.Debug|Any CPU.Build.0 = Debug|Any CPU
		{EBFDA70D-9351-49CE-B40E-1FF70BD91620}.Release|Any CPU.ActiveCfg = Release|Any CPU
		{EBFDA70D-9351-49CE-B40E-1FF70BD91620}.Release|Any CPU.Build.0 = Release|Any CPU
		{8C727177-5E5B-4CAB-90D1-FF96B6E2EA88}.Debug|Any CPU.ActiveCfg = Debug|Any CPU
		{8C727177-5E5B-4CAB-90D1-FF96B6E2EA88}.Debug|Any CPU.Build.0 = Debug|Any CPU
		{8C727177-5E5B-4CAB-90D1-FF96B6E2EA88}.Release|Any CPU.ActiveCfg = Release|Any CPU
		{8C727177-5E5B-4CAB-90D1-FF96B6E2EA88}.Release|Any CPU.Build.0 = Release|Any CPU
		{25B4ED1F-8638-485B-8AEA-767304085639}.Debug|Any CPU.ActiveCfg = Debug|Any CPU
		{25B4ED1F-8638-485B-8AEA-767304085639}.Debug|Any CPU.Build.0 = Debug|Any CPU
		{25B4ED1F-8638-485B-8AEA-767304085639}.Release|Any CPU.ActiveCfg = Release|Any CPU
		{25B4ED1F-8638-485B-8AEA-767304085639}.Release|Any CPU.Build.0 = Release|Any CPU
	EndGlobalSection
	GlobalSection(SolutionProperties) = preSolution
		HideSolutionNode = FALSE
	EndGlobalSection
	GlobalSection(ExtensibilityGlobals) = postSolution
		SolutionGuid = {E737BFF8-D82A-4140-8D5C-350768CCDA58}
	EndGlobalSection
EndGlobal
