
Microsoft Visual Studio Solution File, Format Version 12.00
# Visual Studio Version 16
VisualStudioVersion = 16.0.32126.315
MinimumVisualStudioVersion = 10.0.40219.1
Project("{FAE04EC0-301F-11D3-BF4B-00C04F79EFBC}") = "Ecount3_homework", "Ecount3_homework\Ecount3_homework.csproj", "{8D2BE28A-B4CC-46E2-BD5C-390199025ED6}"
EndProject
Project("{FAE04EC0-301F-11D3-BF4B-00C04F79EFBC}") = "220302_Homework", "220302_Homework\220302_Homework.csproj", "{24047F22-147B-4E87-A83F-7B8E897002FC}"
EndProject
Project("{FAE04EC0-301F-11D3-BF4B-00C04F79EFBC}") = "220302_homework(array)", "220302_homework(array)\220302_homework(array).csproj", "{50319ABD-8AE9-4DC8-9857-1A6DBDBA3807}"
EndProject
Project("{FAE04EC0-301F-11D3-BF4B-00C04F79EFBC}") = "220304_ArrayCinema", "220304_ArrayCinema\220304_ArrayCinema.csproj", "{CA475F00-7CDC-429F-B8C5-7510BFCFF09B}"
EndProject
Project("{FAE04EC0-301F-11D3-BF4B-00C04F79EFBC}") = "220310_Homework(Abstract)", "220310_Homework(Abstract)\220310_Homework(Abstract).csproj", "{D492353B-650A-4054-AF13-D4829AECFCFF}"
EndProject
Project("{FAE04EC0-301F-11D3-BF4B-00C04F79EFBC}") = "220316_DesignPattern_TemplateMethod", "220316_DesignPattern_TemplateMethod\220316_DesignPattern_TemplateMethod.csproj", "{76E9273B-7708-43C7-A04D-78E41985DAB0}"
EndProject
Project("{FAE04EC0-301F-11D3-BF4B-00C04F79EFBC}") = "220316_DesignPattern_AbstractMethod", "220316_DesignPattern_AbstractMethod\220316_DesignPattern_AbstractMethod.csproj", "{5A193014-1577-4558-B548-1AE2D6F7F7D4}"
EndProject
Project("{FAE04EC0-301F-11D3-BF4B-00C04F79EFBC}") = "StudyCafeManager", "StudyCafeManager\StudyCafeManager.csproj", "{E16705D2-617B-4766-A917-D96EE959F189}"
EndProject
Global
	GlobalSection(SolutionConfigurationPlatforms) = preSolution
		Debug|Any CPU = Debug|Any CPU
		Release|Any CPU = Release|Any CPU
	EndGlobalSection
	GlobalSection(ProjectConfigurationPlatforms) = postSolution
		{8D2BE28A-B4CC-46E2-BD5C-390199025ED6}.Debug|Any CPU.ActiveCfg = Debug|Any CPU
		{8D2BE28A-B4CC-46E2-BD5C-390199025ED6}.Debug|Any CPU.Build.0 = Debug|Any CPU
		{8D2BE28A-B4CC-46E2-BD5C-390199025ED6}.Release|Any CPU.ActiveCfg = Release|Any CPU
		{8D2BE28A-B4CC-46E2-BD5C-390199025ED6}.Release|Any CPU.Build.0 = Release|Any CPU
		{24047F22-147B-4E87-A83F-7B8E897002FC}.Debug|Any CPU.ActiveCfg = Debug|Any CPU
		{24047F22-147B-4E87-A83F-7B8E897002FC}.Debug|Any CPU.Build.0 = Debug|Any CPU
		{24047F22-147B-4E87-A83F-7B8E897002FC}.Release|Any CPU.ActiveCfg = Release|Any CPU
		{24047F22-147B-4E87-A83F-7B8E897002FC}.Release|Any CPU.Build.0 = Release|Any CPU
		{50319ABD-8AE9-4DC8-9857-1A6DBDBA3807}.Debug|Any CPU.ActiveCfg = Debug|Any CPU
		{50319ABD-8AE9-4DC8-9857-1A6DBDBA3807}.Debug|Any CPU.Build.0 = Debug|Any CPU
		{50319ABD-8AE9-4DC8-9857-1A6DBDBA3807}.Release|Any CPU.ActiveCfg = Release|Any CPU
		{50319ABD-8AE9-4DC8-9857-1A6DBDBA3807}.Release|Any CPU.Build.0 = Release|Any CPU
		{CA475F00-7CDC-429F-B8C5-7510BFCFF09B}.Debug|Any CPU.ActiveCfg = Debug|Any CPU
		{CA475F00-7CDC-429F-B8C5-7510BFCFF09B}.Debug|Any CPU.Build.0 = Debug|Any CPU
		{CA475F00-7CDC-429F-B8C5-7510BFCFF09B}.Release|Any CPU.ActiveCfg = Release|Any CPU
		{CA475F00-7CDC-429F-B8C5-7510BFCFF09B}.Release|Any CPU.Build.0 = Release|Any CPU
		{D492353B-650A-4054-AF13-D4829AECFCFF}.Debug|Any CPU.ActiveCfg = Debug|Any CPU
		{D492353B-650A-4054-AF13-D4829AECFCFF}.Debug|Any CPU.Build.0 = Debug|Any CPU
		{D492353B-650A-4054-AF13-D4829AECFCFF}.Release|Any CPU.ActiveCfg = Release|Any CPU
		{D492353B-650A-4054-AF13-D4829AECFCFF}.Release|Any CPU.Build.0 = Release|Any CPU
		{76E9273B-7708-43C7-A04D-78E41985DAB0}.Debug|Any CPU.ActiveCfg = Debug|Any CPU
		{76E9273B-7708-43C7-A04D-78E41985DAB0}.Debug|Any CPU.Build.0 = Debug|Any CPU
		{76E9273B-7708-43C7-A04D-78E41985DAB0}.Release|Any CPU.ActiveCfg = Release|Any CPU
		{76E9273B-7708-43C7-A04D-78E41985DAB0}.Release|Any CPU.Build.0 = Release|Any CPU
		{5A193014-1577-4558-B548-1AE2D6F7F7D4}.Debug|Any CPU.ActiveCfg = Debug|Any CPU
		{5A193014-1577-4558-B548-1AE2D6F7F7D4}.Debug|Any CPU.Build.0 = Debug|Any CPU
		{5A193014-1577-4558-B548-1AE2D6F7F7D4}.Release|Any CPU.ActiveCfg = Release|Any CPU
		{5A193014-1577-4558-B548-1AE2D6F7F7D4}.Release|Any CPU.Build.0 = Release|Any CPU
		{E16705D2-617B-4766-A917-D96EE959F189}.Debug|Any CPU.ActiveCfg = Debug|Any CPU
		{E16705D2-617B-4766-A917-D96EE959F189}.Debug|Any CPU.Build.0 = Debug|Any CPU
		{E16705D2-617B-4766-A917-D96EE959F189}.Release|Any CPU.ActiveCfg = Release|Any CPU
		{E16705D2-617B-4766-A917-D96EE959F189}.Release|Any CPU.Build.0 = Release|Any CPU
	EndGlobalSection
	GlobalSection(SolutionProperties) = preSolution
		HideSolutionNode = FALSE
	EndGlobalSection
	GlobalSection(ExtensibilityGlobals) = postSolution
		SolutionGuid = {1CE93EC5-5213-4FE2-B721-D612181BF544}
	EndGlobalSection
EndGlobal
